// !$*UTF8*$!
{
	archiveVersion = 1;
	classes = {
	};
	objectVersion = 56;
	objects = {

/* Begin PBXBuildFile section */
		F037348428FD80F9006686A6 /* GoogleService-Info.plist in Resources */ = {isa = PBXBuildFile; fileRef = F037348328FD80F8006686A6 /* GoogleService-Info.plist */; };
		F037348728FD81F1006686A6 /* FirebaseAuth in Frameworks */ = {isa = PBXBuildFile; productRef = F037348628FD81F1006686A6 /* FirebaseAuth */; };
		F037348928FD81F1006686A6 /* FirebaseFirestore in Frameworks */ = {isa = PBXBuildFile; productRef = F037348828FD81F1006686A6 /* FirebaseFirestore */; };
		F037348C28FDC819006686A6 /* Alert.swift in Sources */ = {isa = PBXBuildFile; fileRef = F037348B28FDC819006686A6 /* Alert.swift */; };
		F037349128FDD62D006686A6 /* HomeVC.swift in Sources */ = {isa = PBXBuildFile; fileRef = F037349028FDD62C006686A6 /* HomeVC.swift */; };
		F037349328FDD7E7006686A6 /* HomeScreen.swift in Sources */ = {isa = PBXBuildFile; fileRef = F037349228FDD7E7006686A6 /* HomeScreen.swift */; };
		F0AD282328F4561F00FCFD51 /* AppDelegate.swift in Sources */ = {isa = PBXBuildFile; fileRef = F0AD282228F4561F00FCFD51 /* AppDelegate.swift */; };
		F0AD282528F4561F00FCFD51 /* SceneDelegate.swift in Sources */ = {isa = PBXBuildFile; fileRef = F0AD282428F4561F00FCFD51 /* SceneDelegate.swift */; };
		F0AD282728F4561F00FCFD51 /* LoginVC.swift in Sources */ = {isa = PBXBuildFile; fileRef = F0AD282628F4561F00FCFD51 /* LoginVC.swift */; };
		F0AD282C28F4562000FCFD51 /* Assets.xcassets in Resources */ = {isa = PBXBuildFile; fileRef = F0AD282B28F4562000FCFD51 /* Assets.xcassets */; };
		F0AD282F28F4562000FCFD51 /* LaunchScreen.storyboard in Resources */ = {isa = PBXBuildFile; fileRef = F0AD282D28F4562000FCFD51 /* LaunchScreen.storyboard */; };
		F0AD283A28F47F8600FCFD51 /* LoginScreen.swift in Sources */ = {isa = PBXBuildFile; fileRef = F0AD283928F47F8600FCFD51 /* LoginScreen.swift */; };
		F0C82D8E28F890B700D4EA6A /* RegisterVC.swift in Sources */ = {isa = PBXBuildFile; fileRef = F0C82D8D28F890B700D4EA6A /* RegisterVC.swift */; };
		F0C82D9028F890EC00D4EA6A /* RegisterScreen.swift in Sources */ = {isa = PBXBuildFile; fileRef = F0C82D8F28F890EC00D4EA6A /* RegisterScreen.swift */; };
/* End PBXBuildFile section */

/* Begin PBXFileReference section */
		F037348328FD80F8006686A6 /* GoogleService-Info.plist */ = {isa = PBXFileReference; fileEncoding = 4; lastKnownFileType = text.plist.xml; path = "GoogleService-Info.plist"; sourceTree = "<group>"; };
		F037348B28FDC819006686A6 /* Alert.swift */ = {isa = PBXFileReference; lastKnownFileType = sourcecode.swift; path = Alert.swift; sourceTree = "<group>"; };
		F037349028FDD62C006686A6 /* HomeVC.swift */ = {isa = PBXFileReference; lastKnownFileType = sourcecode.swift; path = HomeVC.swift; sourceTree = "<group>"; };
		F037349228FDD7E7006686A6 /* HomeScreen.swift */ = {isa = PBXFileReference; lastKnownFileType = sourcecode.swift; path = HomeScreen.swift; sourceTree = "<group>"; };
		F0AD281F28F4561F00FCFD51 /* LoginViewCode-Curso.app */ = {isa = PBXFileReference; explicitFileType = wrapper.application; includeInIndex = 0; path = "LoginViewCode-Curso.app"; sourceTree = BUILT_PRODUCTS_DIR; };
		F0AD282228F4561F00FCFD51 /* AppDelegate.swift */ = {isa = PBXFileReference; lastKnownFileType = sourcecode.swift; path = AppDelegate.swift; sourceTree = "<group>"; };
		F0AD282428F4561F00FCFD51 /* SceneDelegate.swift */ = {isa = PBXFileReference; lastKnownFileType = sourcecode.swift; path = SceneDelegate.swift; sourceTree = "<group>"; };
		F0AD282628F4561F00FCFD51 /* LoginVC.swift */ = {isa = PBXFileReference; lastKnownFileType = sourcecode.swift; path = LoginVC.swift; sourceTree = "<group>"; };
		F0AD282B28F4562000FCFD51 /* Assets.xcassets */ = {isa = PBXFileReference; lastKnownFileType = folder.assetcatalog; path = Assets.xcassets; sourceTree = "<group>"; };
		F0AD282E28F4562000FCFD51 /* Base */ = {isa = PBXFileReference; lastKnownFileType = file.storyboard; name = Base; path = Base.lproj/LaunchScreen.storyboard; sourceTree = "<group>"; };
		F0AD283028F4562000FCFD51 /* Info.plist */ = {isa = PBXFileReference; lastKnownFileType = text.plist.xml; path = Info.plist; sourceTree = "<group>"; };
		F0AD283928F47F8600FCFD51 /* LoginScreen.swift */ = {isa = PBXFileReference; lastKnownFileType = sourcecode.swift; path = LoginScreen.swift; sourceTree = "<group>"; };
		F0C82D8D28F890B700D4EA6A /* RegisterVC.swift */ = {isa = PBXFileReference; lastKnownFileType = sourcecode.swift; path = RegisterVC.swift; sourceTree = "<group>"; };
		F0C82D8F28F890EC00D4EA6A /* RegisterScreen.swift */ = {isa = PBXFileReference; lastKnownFileType = sourcecode.swift; path = RegisterScreen.swift; sourceTree = "<group>"; };
/* End PBXFileReference section */

/* Begin PBXFrameworksBuildPhase section */
		F0AD281C28F4561F00FCFD51 /* Frameworks */ = {
			isa = PBXFrameworksBuildPhase;
			buildActionMask = 2147483647;
			files = (
				F037348728FD81F1006686A6 /* FirebaseAuth in Frameworks */,
				F037348928FD81F1006686A6 /* FirebaseFirestore in Frameworks */,
			);
			runOnlyForDeploymentPostprocessing = 0;
		};
/* End PBXFrameworksBuildPhase section */

/* Begin PBXGroup section */
		F037348A28FDC807006686A6 /* Alert */ = {
			isa = PBXGroup;
			children = (
				F037348B28FDC819006686A6 /* Alert.swift */,
			);
			path = Alert;
			sourceTree = "<group>";
		};
		F037348D28FDD5F7006686A6 /* Home */ = {
			isa = PBXGroup;
			children = (
				F037348F28FDD608006686A6 /* Screen */,
				F037348E28FDD601006686A6 /* VC */,
			);
			path = Home;
			sourceTree = "<group>";
		};
		F037348E28FDD601006686A6 /* VC */ = {
			isa = PBXGroup;
			children = (
				F037349028FDD62C006686A6 /* HomeVC.swift */,
			);
			path = VC;
			sourceTree = "<group>";
		};
		F037348F28FDD608006686A6 /* Screen */ = {
			isa = PBXGroup;
			children = (
				F037349228FDD7E7006686A6 /* HomeScreen.swift */,
			);
			path = Screen;
			sourceTree = "<group>";
		};
		F0AD281628F4561F00FCFD51 = {
			isa = PBXGroup;
			children = (
				F0AD282128F4561F00FCFD51 /* LoginViewCode-Curso */,
				F0AD282028F4561F00FCFD51 /* Products */,
			);
			sourceTree = "<group>";
		};
		F0AD282028F4561F00FCFD51 /* Products */ = {
			isa = PBXGroup;
			children = (
				F0AD281F28F4561F00FCFD51 /* LoginViewCode-Curso.app */,
			);
			name = Products;
			sourceTree = "<group>";
		};
		F0AD282128F4561F00FCFD51 /* LoginViewCode-Curso */ = {
			isa = PBXGroup;
			children = (
				F037348D28FDD5F7006686A6 /* Home */,
				F037348A28FDC807006686A6 /* Alert */,
				F0C82D8A28F8907700D4EA6A /* Register */,
				F0AD283628F47F0F00FCFD51 /* Login */,
				F0AD282228F4561F00FCFD51 /* AppDelegate.swift */,
				F0AD282428F4561F00FCFD51 /* SceneDelegate.swift */,
				F0AD282B28F4562000FCFD51 /* Assets.xcassets */,
				F0AD282D28F4562000FCFD51 /* LaunchScreen.storyboard */,
				F0AD283028F4562000FCFD51 /* Info.plist */,
				F037348328FD80F8006686A6 /* GoogleService-Info.plist */,
			);
			path = "LoginViewCode-Curso";
			sourceTree = "<group>";
		};
		F0AD283628F47F0F00FCFD51 /* Login */ = {
			isa = PBXGroup;
			children = (
				F0AD283828F47F3900FCFD51 /* Screen */,
				F0AD283728F47F1A00FCFD51 /* VC */,
			);
			path = Login;
			sourceTree = "<group>";
		};
		F0AD283728F47F1A00FCFD51 /* VC */ = {
			isa = PBXGroup;
			children = (
				F0AD282628F4561F00FCFD51 /* LoginVC.swift */,
			);
			path = VC;
			sourceTree = "<group>";
		};
		F0AD283828F47F3900FCFD51 /* Screen */ = {
			isa = PBXGroup;
			children = (
				F0AD283928F47F8600FCFD51 /* LoginScreen.swift */,
			);
			path = Screen;
			sourceTree = "<group>";
		};
		F0C82D8A28F8907700D4EA6A /* Register */ = {
			isa = PBXGroup;
			children = (
				F0C82D8B28F8908100D4EA6A /* Screen */,
				F0C82D8C28F8908C00D4EA6A /* VC */,
			);
			path = Register;
			sourceTree = "<group>";
		};
		F0C82D8B28F8908100D4EA6A /* Screen */ = {
			isa = PBXGroup;
			children = (
				F0C82D8F28F890EC00D4EA6A /* RegisterScreen.swift */,
			);
			path = Screen;
			sourceTree = "<group>";
		};
		F0C82D8C28F8908C00D4EA6A /* VC */ = {
			isa = PBXGroup;
			children = (
				F0C82D8D28F890B700D4EA6A /* RegisterVC.swift */,
			);
			path = VC;
			sourceTree = "<group>";
		};
/* End PBXGroup section */

/* Begin PBXNativeTarget section */
		F0AD281E28F4561F00FCFD51 /* LoginViewCode-Curso */ = {
			isa = PBXNativeTarget;
			buildConfigurationList = F0AD283328F4562000FCFD51 /* Build configuration list for PBXNativeTarget "LoginViewCode-Curso" */;
			buildPhases = (
				F0AD281B28F4561F00FCFD51 /* Sources */,
				F0AD281C28F4561F00FCFD51 /* Frameworks */,
				F0AD281D28F4561F00FCFD51 /* Resources */,
			);
			buildRules = (
			);
			dependencies = (
			);
			name = "LoginViewCode-Curso";
			packageProductDependencies = (
				F037348628FD81F1006686A6 /* FirebaseAuth */,
				F037348828FD81F1006686A6 /* FirebaseFirestore */,
			);
			productName = "LoginViewCode-Curso";
			productReference = F0AD281F28F4561F00FCFD51 /* LoginViewCode-Curso.app */;
			productType = "com.apple.product-type.application";
		};
/* End PBXNativeTarget section */

/* Begin PBXProject section */
		F0AD281728F4561F00FCFD51 /* Project object */ = {
			isa = PBXProject;
			attributes = {
				BuildIndependentTargetsInParallel = 1;
				LastSwiftUpdateCheck = 1400;
				LastUpgradeCheck = 1400;
				TargetAttributes = {
					F0AD281E28F4561F00FCFD51 = {
						CreatedOnToolsVersion = 14.0.1;
					};
				};
			};
			buildConfigurationList = F0AD281A28F4561F00FCFD51 /* Build configuration list for PBXProject "LoginViewCode-Curso" */;
			compatibilityVersion = "Xcode 14.0";
			developmentRegion = en;
			hasScannedForEncodings = 0;
			knownRegions = (
				en,
				Base,
			);
			mainGroup = F0AD281628F4561F00FCFD51;
			packageReferences = (
				F037348528FD81F1006686A6 /* XCRemoteSwiftPackageReference "firebase-ios-sdk" */,
			);
			productRefGroup = F0AD282028F4561F00FCFD51 /* Products */;
			projectDirPath = "";
			projectRoot = "";
			targets = (
				F0AD281E28F4561F00FCFD51 /* LoginViewCode-Curso */,
			);
		};
/* End PBXProject section */

/* Begin PBXResourcesBuildPhase section */
		F0AD281D28F4561F00FCFD51 /* Resources */ = {
			isa = PBXResourcesBuildPhase;
			buildActionMask = 2147483647;
			files = (
				F0AD282F28F4562000FCFD51 /* LaunchScreen.storyboard in Resources */,
				F0AD282C28F4562000FCFD51 /* Assets.xcassets in Resources */,
				F037348428FD80F9006686A6 /* GoogleService-Info.plist in Resources */,
			);
			runOnlyForDeploymentPostprocessing = 0;
		};
/* End PBXResourcesBuildPhase section */

/* Begin PBXSourcesBuildPhase section */
		F0AD281B28F4561F00FCFD51 /* Sources */ = {
			isa = PBXSourcesBuildPhase;
			buildActionMask = 2147483647;
			files = (
				F0C82D9028F890EC00D4EA6A /* RegisterScreen.swift in Sources */,
				F0AD282728F4561F00FCFD51 /* LoginVC.swift in Sources */,
				F0AD283A28F47F8600FCFD51 /* LoginScreen.swift in Sources */,
				F0AD282328F4561F00FCFD51 /* AppDelegate.swift in Sources */,
				F0AD282528F4561F00FCFD51 /* SceneDelegate.swift in Sources */,
				F037349328FDD7E7006686A6 /* HomeScreen.swift in Sources */,
				F0C82D8E28F890B700D4EA6A /* RegisterVC.swift in Sources */,
				F037349128FDD62D006686A6 /* HomeVC.swift in Sources */,
				F037348C28FDC819006686A6 /* Alert.swift in Sources */,
			);
			runOnlyForDeploymentPostprocessing = 0;
		};
/* End PBXSourcesBuildPhase section */

/* Begin PBXVariantGroup section */
		F0AD282D28F4562000FCFD51 /* LaunchScreen.storyboard */ = {
			isa = PBXVariantGroup;
			children = (
				F0AD282E28F4562000FCFD51 /* Base */,
			);
			name = LaunchScreen.storyboard;
			sourceTree = "<group>";
		};
/* End PBXVariantGroup section */

/* Begin XCBuildConfiguration section */
		F0AD283128F4562000FCFD51 /* Debug */ = {
			isa = XCBuildConfiguration;
			buildSettings = {
				ALWAYS_SEARCH_USER_PATHS = NO;
				CLANG_ANALYZER_NONNULL = YES;
				CLANG_ANALYZER_NUMBER_OBJECT_CONVERSION = YES_AGGRESSIVE;
				CLANG_CXX_LANGUAGE_STANDARD = "gnu++20";
				CLANG_ENABLE_MODULES = YES;
				CLANG_ENABLE_OBJC_ARC = YES;
				CLANG_ENABLE_OBJC_WEAK = YES;
				CLANG_WARN_BLOCK_CAPTURE_AUTORELEASING = YES;
				CLANG_WARN_BOOL_CONVERSION = YES;
				CLANG_WARN_COMMA = YES;
				CLANG_WARN_CONSTANT_CONVERSION = YES;
				CLANG_WARN_DEPRECATED_OBJC_IMPLEMENTATIONS = YES;
				CLANG_WARN_DIRECT_OBJC_ISA_USAGE = YES_ERROR;
				CLANG_WARN_DOCUMENTATION_COMMENTS = YES;
				CLANG_WARN_EMPTY_BODY = YES;
				CLANG_WARN_ENUM_CONVERSION = YES;
				CLANG_WARN_INFINITE_RECURSION = YES;
				CLANG_WARN_INT_CONVERSION = YES;
				CLANG_WARN_NON_LITERAL_NULL_CONVERSION = YES;
				CLANG_WARN_OBJC_IMPLICIT_RETAIN_SELF = YES;
				CLANG_WARN_OBJC_LITERAL_CONVERSION = YES;
				CLANG_WARN_OBJC_ROOT_CLASS = YES_ERROR;
				CLANG_WARN_QUOTED_INCLUDE_IN_FRAMEWORK_HEADER = YES;
				CLANG_WARN_RANGE_LOOP_ANALYSIS = YES;
				CLANG_WARN_STRICT_PROTOTYPES = YES;
				CLANG_WARN_SUSPICIOUS_MOVE = YES;
				CLANG_WARN_UNGUARDED_AVAILABILITY = YES_AGGRESSIVE;
				CLANG_WARN_UNREACHABLE_CODE = YES;
				CLANG_WARN__DUPLICATE_METHOD_MATCH = YES;
				COPY_PHASE_STRIP = NO;
				DEBUG_INFORMATION_FORMAT = dwarf;
				ENABLE_STRICT_OBJC_MSGSEND = YES;
				ENABLE_TESTABILITY = YES;
				GCC_C_LANGUAGE_STANDARD = gnu11;
				GCC_DYNAMIC_NO_PIC = NO;
				GCC_NO_COMMON_BLOCKS = YES;
				GCC_OPTIMIZATION_LEVEL = 0;
				GCC_PREPROCESSOR_DEFINITIONS = (
					"DEBUG=1",
					"$(inherited)",
				);
				GCC_WARN_64_TO_32_BIT_CONVERSION = YES;
				GCC_WARN_ABOUT_RETURN_TYPE = YES_ERROR;
				GCC_WARN_UNDECLARED_SELECTOR = YES;
				GCC_WARN_UNINITIALIZED_AUTOS = YES_AGGRESSIVE;
				GCC_WARN_UNUSED_FUNCTION = YES;
				GCC_WARN_UNUSED_VARIABLE = YES;
				IPHONEOS_DEPLOYMENT_TARGET = 16.0;
				MTL_ENABLE_DEBUG_INFO = INCLUDE_SOURCE;
				MTL_FAST_MATH = YES;
				ONLY_ACTIVE_ARCH = YES;
				SDKROOT = iphoneos;
				SWIFT_ACTIVE_COMPILATION_CONDITIONS = DEBUG;
				SWIFT_OPTIMIZATION_LEVEL = "-Onone";
			};
			name = Debug;
		};
		F0AD283228F4562000FCFD51 /* Release */ = {
			isa = XCBuildConfiguration;
			buildSettings = {
				ALWAYS_SEARCH_USER_PATHS = NO;
				CLANG_ANALYZER_NONNULL = YES;
				CLANG_ANALYZER_NUMBER_OBJECT_CONVERSION = YES_AGGRESSIVE;
				CLANG_CXX_LANGUAGE_STANDARD = "gnu++20";
				CLANG_ENABLE_MODULES = YES;
				CLANG_ENABLE_OBJC_ARC = YES;
				CLANG_ENABLE_OBJC_WEAK = YES;
				CLANG_WARN_BLOCK_CAPTURE_AUTORELEASING = YES;
				CLANG_WARN_BOOL_CONVERSION = YES;
				CLANG_WARN_COMMA = YES;
				CLANG_WARN_CONSTANT_CONVERSION = YES;
				CLANG_WARN_DEPRECATED_OBJC_IMPLEMENTATIONS = YES;
				CLANG_WARN_DIRECT_OBJC_ISA_USAGE = YES_ERROR;
				CLANG_WARN_DOCUMENTATION_COMMENTS = YES;
				CLANG_WARN_EMPTY_BODY = YES;
				CLANG_WARN_ENUM_CONVERSION = YES;
				CLANG_WARN_INFINITE_RECURSION = YES;
				CLANG_WARN_INT_CONVERSION = YES;
				CLANG_WARN_NON_LITERAL_NULL_CONVERSION = YES;
				CLANG_WARN_OBJC_IMPLICIT_RETAIN_SELF = YES;
				CLANG_WARN_OBJC_LITERAL_CONVERSION = YES;
				CLANG_WARN_OBJC_ROOT_CLASS = YES_ERROR;
				CLANG_WARN_QUOTED_INCLUDE_IN_FRAMEWORK_HEADER = YES;
				CLANG_WARN_RANGE_LOOP_ANALYSIS = YES;
				CLANG_WARN_STRICT_PROTOTYPES = YES;
				CLANG_WARN_SUSPICIOUS_MOVE = YES;
				CLANG_WARN_UNGUARDED_AVAILABILITY = YES_AGGRESSIVE;
				CLANG_WARN_UNREACHABLE_CODE = YES;
				CLANG_WARN__DUPLICATE_METHOD_MATCH = YES;
				COPY_PHASE_STRIP = NO;
				DEBUG_INFORMATION_FORMAT = "dwarf-with-dsym";
				ENABLE_NS_ASSERTIONS = NO;
				ENABLE_STRICT_OBJC_MSGSEND = YES;
				GCC_C_LANGUAGE_STANDARD = gnu11;
				GCC_NO_COMMON_BLOCKS = YES;
				GCC_WARN_64_TO_32_BIT_CONVERSION = YES;
				GCC_WARN_ABOUT_RETURN_TYPE = YES_ERROR;
				GCC_WARN_UNDECLARED_SELECTOR = YES;
				GCC_WARN_UNINITIALIZED_AUTOS = YES_AGGRESSIVE;
				GCC_WARN_UNUSED_FUNCTION = YES;
				GCC_WARN_UNUSED_VARIABLE = YES;
				IPHONEOS_DEPLOYMENT_TARGET = 16.0;
				MTL_ENABLE_DEBUG_INFO = NO;
				MTL_FAST_MATH = YES;
				SDKROOT = iphoneos;
				SWIFT_COMPILATION_MODE = wholemodule;
				SWIFT_OPTIMIZATION_LEVEL = "-O";
				VALIDATE_PRODUCT = YES;
			};
			name = Release;
		};
		F0AD283428F4562000FCFD51 /* Debug */ = {
			isa = XCBuildConfiguration;
			buildSettings = {
				ASSETCATALOG_COMPILER_APPICON_NAME = AppIcon;
				ASSETCATALOG_COMPILER_GLOBAL_ACCENT_COLOR_NAME = AccentColor;
				CODE_SIGN_STYLE = Automatic;
				CURRENT_PROJECT_VERSION = 1;
				DEVELOPMENT_TEAM = MBMQ7W76MF;
				GENERATE_INFOPLIST_FILE = YES;
				INFOPLIST_FILE = "LoginViewCode-Curso/Info.plist";
				INFOPLIST_KEY_UIApplicationSupportsIndirectInputEvents = YES;
				INFOPLIST_KEY_UILaunchStoryboardName = LaunchScreen;
				INFOPLIST_KEY_UISupportedInterfaceOrientations_iPad = "UIInterfaceOrientationPortrait UIInterfaceOrientationPortraitUpsideDown UIInterfaceOrientationLandscapeLeft UIInterfaceOrientationLandscapeRight";
				INFOPLIST_KEY_UISupportedInterfaceOrientations_iPhone = "UIInterfaceOrientationPortrait UIInterfaceOrientationLandscapeLeft UIInterfaceOrientationLandscapeRight";
				LD_RUNPATH_SEARCH_PATHS = (
					"$(inherited)",
					"@executable_path/Frameworks",
				);
				MARKETING_VERSION = 1.0;
				PRODUCT_BUNDLE_IDENTIFIER = "br.com.celiofs7.LoginViewCode-Curso";
				PRODUCT_NAME = "$(TARGET_NAME)";
				SWIFT_EMIT_LOC_STRINGS = YES;
				SWIFT_VERSION = 5.0;
				TARGETED_DEVICE_FAMILY = "1,2";
			};
			name = Debug;
		};
		F0AD283528F4562000FCFD51 /* Release */ = {
			isa = XCBuildConfiguration;
			buildSettings = {
				ASSETCATALOG_COMPILER_APPICON_NAME = AppIcon;
				ASSETCATALOG_COMPILER_GLOBAL_ACCENT_COLOR_NAME = AccentColor;
				CODE_SIGN_STYLE = Automatic;
				CURRENT_PROJECT_VERSION = 1;
				DEVELOPMENT_TEAM = MBMQ7W76MF;
				GENERATE_INFOPLIST_FILE = YES;
				INFOPLIST_FILE = "LoginViewCode-Curso/Info.plist";
				INFOPLIST_KEY_UIApplicationSupportsIndirectInputEvents = YES;
				INFOPLIST_KEY_UILaunchStoryboardName = LaunchScreen;
				INFOPLIST_KEY_UISupportedInterfaceOrientations_iPad = "UIInterfaceOrientationPortrait UIInterfaceOrientationPortraitUpsideDown UIInterfaceOrientationLandscapeLeft UIInterfaceOrientationLandscapeRight";
				INFOPLIST_KEY_UISupportedInterfaceOrientations_iPhone = "UIInterfaceOrientationPortrait UIInterfaceOrientationLandscapeLeft UIInterfaceOrientationLandscapeRight";
				LD_RUNPATH_SEARCH_PATHS = (
					"$(inherited)",
					"@executable_path/Frameworks",
				);
				MARKETING_VERSION = 1.0;
				PRODUCT_BUNDLE_IDENTIFIER = "br.com.celiofs7.LoginViewCode-Curso";
				PRODUCT_NAME = "$(TARGET_NAME)";
				SWIFT_EMIT_LOC_STRINGS = YES;
				SWIFT_VERSION = 5.0;
				TARGETED_DEVICE_FAMILY = "1,2";
			};
			name = Release;
		};
/* End XCBuildConfiguration section */

/* Begin XCConfigurationList section */
		F0AD281A28F4561F00FCFD51 /* Build configuration list for PBXProject "LoginViewCode-Curso" */ = {
			isa = XCConfigurationList;
			buildConfigurations = (
				F0AD283128F4562000FCFD51 /* Debug */,
				F0AD283228F4562000FCFD51 /* Release */,
			);
			defaultConfigurationIsVisible = 0;
			defaultConfigurationName = Release;
		};
		F0AD283328F4562000FCFD51 /* Build configuration list for PBXNativeTarget "LoginViewCode-Curso" */ = {
			isa = XCConfigurationList;
			buildConfigurations = (
				F0AD283428F4562000FCFD51 /* Debug */,
				F0AD283528F4562000FCFD51 /* Release */,
			);
			defaultConfigurationIsVisible = 0;
			defaultConfigurationName = Release;
		};
/* End XCConfigurationList section */

/* Begin XCRemoteSwiftPackageReference section */
		F037348528FD81F1006686A6 /* XCRemoteSwiftPackageReference "firebase-ios-sdk" */ = {
			isa = XCRemoteSwiftPackageReference;
			repositoryURL = "https://github.com/firebase/firebase-ios-sdk";
			requirement = {
				branch = master;
				kind = branch;
			};
		};
/* End XCRemoteSwiftPackageReference section */

/* Begin XCSwiftPackageProductDependency section */
		F037348628FD81F1006686A6 /* FirebaseAuth */ = {
			isa = XCSwiftPackageProductDependency;
			package = F037348528FD81F1006686A6 /* XCRemoteSwiftPackageReference "firebase-ios-sdk" */;
			productName = FirebaseAuth;
		};
		F037348828FD81F1006686A6 /* FirebaseFirestore */ = {
			isa = XCSwiftPackageProductDependency;
			package = F037348528FD81F1006686A6 /* XCRemoteSwiftPackageReference "firebase-ios-sdk" */;
			productName = FirebaseFirestore;
		};
/* End XCSwiftPackageProductDependency section */
	};
	rootObject = F0AD281728F4561F00FCFD51 /* Project object */;
}
